
Microsoft Visual Studio Solution File, Format Version 12.00
# Visual Studio 15
VisualStudioVersion = 15.0.28307.106
MinimumVisualStudioVersion = 10.0.40219.1
Project("{FAE04EC0-301F-11D3-BF4B-00C04F79EFBC}") = "InstabugDependencyService.Android", "InstabugDependencyService\InstabugDependencyService.Android\InstabugDependencyService.Android.csproj", "{FC7AD7E1-7ACC-4027-8687-FBDBFD467DA9}"
EndProject
Project("{FAE04EC0-301F-11D3-BF4B-00C04F79EFBC}") = "InstabugDependencyService.iOS", "InstabugDependencyService\InstabugDependencyService.iOS\InstabugDependencyService.iOS.csproj", "{9B151F08-C51D-4E26-A6F0-A662AF98FA7D}"
EndProject
Project("{FAE04EC0-301F-11D3-BF4B-00C04F79EFBC}") = "InstabugDependencyService.UWP", "InstabugDependencyService\InstabugDependencyService.UWP\InstabugDependencyService.UWP.csproj", "{DCFB33FB-8FE9-4B81-89A0-33E8801D2726}"
EndProject
Project("{FAE04EC0-301F-11D3-BF4B-00C04F79EFBC}") = "InstabugDependencyService", "InstabugDependencyService\InstabugDependencyService\InstabugDependencyService.csproj", "{C03EC54A-67F1-43C1-A856-B2E3EEC8C471}"
EndProject
Global
	GlobalSection(SolutionConfigurationPlatforms) = preSolution
		Ad-Hoc|Any CPU = Ad-Hoc|Any CPU
		Ad-Hoc|ARM = Ad-Hoc|ARM
		Ad-Hoc|iPhone = Ad-Hoc|iPhone
		Ad-Hoc|iPhoneSimulator = Ad-Hoc|iPhoneSimulator
		Ad-Hoc|x64 = Ad-Hoc|x64
		Ad-Hoc|x86 = Ad-Hoc|x86
		AppStore|Any CPU = AppStore|Any CPU
		AppStore|ARM = AppStore|ARM
		AppStore|iPhone = AppStore|iPhone
		AppStore|iPhoneSimulator = AppStore|iPhoneSimulator
		AppStore|x64 = AppStore|x64
		AppStore|x86 = AppStore|x86
		Debug|Any CPU = Debug|Any CPU
		Debug|ARM = Debug|ARM
		Debug|iPhone = Debug|iPhone
		Debug|iPhoneSimulator = Debug|iPhoneSimulator
		Debug|x64 = Debug|x64
		Debug|x86 = Debug|x86
		Release|Any CPU = Release|Any CPU
		Release|ARM = Release|ARM
		Release|iPhone = Release|iPhone
		Release|iPhoneSimulator = Release|iPhoneSimulator
		Release|x64 = Release|x64
		Release|x86 = Release|x86
	EndGlobalSection
	GlobalSection(ProjectConfigurationPlatforms) = postSolution
		{FC7AD7E1-7ACC-4027-8687-FBDBFD467DA9}.Ad-Hoc|Any CPU.ActiveCfg = Release|Any CPU
		{FC7AD7E1-7ACC-4027-8687-FBDBFD467DA9}.Ad-Hoc|Any CPU.Build.0 = Release|Any CPU
		{FC7AD7E1-7ACC-4027-8687-FBDBFD467DA9}.Ad-Hoc|Any CPU.Deploy.0 = Release|Any CPU
		{FC7AD7E1-7ACC-4027-8687-FBDBFD467DA9}.Ad-Hoc|ARM.ActiveCfg = Release|Any CPU
		{FC7AD7E1-7ACC-4027-8687-FBDBFD467DA9}.Ad-Hoc|ARM.Build.0 = Release|Any CPU
		{FC7AD7E1-7ACC-4027-8687-FBDBFD467DA9}.Ad-Hoc|ARM.Deploy.0 = Release|Any CPU
		{FC7AD7E1-7ACC-4027-8687-FBDBFD467DA9}.Ad-Hoc|iPhone.ActiveCfg = Release|Any CPU
		{FC7AD7E1-7ACC-4027-8687-FBDBFD467DA9}.Ad-Hoc|iPhone.Build.0 = Release|Any CPU
		{FC7AD7E1-7ACC-4027-8687-FBDBFD467DA9}.Ad-Hoc|iPhone.Deploy.0 = Release|Any CPU
		{FC7AD7E1-7ACC-4027-8687-FBDBFD467DA9}.Ad-Hoc|iPhoneSimulator.ActiveCfg = Release|Any CPU
		{FC7AD7E1-7ACC-4027-8687-FBDBFD467DA9}.Ad-Hoc|iPhoneSimulator.Build.0 = Release|Any CPU
		{FC7AD7E1-7ACC-4027-8687-FBDBFD467DA9}.Ad-Hoc|iPhoneSimulator.Deploy.0 = Release|Any CPU
		{FC7AD7E1-7ACC-4027-8687-FBDBFD467DA9}.Ad-Hoc|x64.ActiveCfg = Release|Any CPU
		{FC7AD7E1-7ACC-4027-8687-FBDBFD467DA9}.Ad-Hoc|x64.Build.0 = Release|Any CPU
		{FC7AD7E1-7ACC-4027-8687-FBDBFD467DA9}.Ad-Hoc|x64.Deploy.0 = Release|Any CPU
		{FC7AD7E1-7ACC-4027-8687-FBDBFD467DA9}.Ad-Hoc|x86.ActiveCfg = Release|Any CPU
		{FC7AD7E1-7ACC-4027-8687-FBDBFD467DA9}.Ad-Hoc|x86.Build.0 = Release|Any CPU
		{FC7AD7E1-7ACC-4027-8687-FBDBFD467DA9}.Ad-Hoc|x86.Deploy.0 = Release|Any CPU
		{FC7AD7E1-7ACC-4027-8687-FBDBFD467DA9}.AppStore|Any CPU.ActiveCfg = Release|Any CPU
		{FC7AD7E1-7ACC-4027-8687-FBDBFD467DA9}.AppStore|Any CPU.Build.0 = Release|Any CPU
		{FC7AD7E1-7ACC-4027-8687-FBDBFD467DA9}.AppStore|Any CPU.Deploy.0 = Release|Any CPU
		{FC7AD7E1-7ACC-4027-8687-FBDBFD467DA9}.AppStore|ARM.ActiveCfg = Release|Any CPU
		{FC7AD7E1-7ACC-4027-8687-FBDBFD467DA9}.AppStore|ARM.Build.0 = Release|Any CPU
		{FC7AD7E1-7ACC-4027-8687-FBDBFD467DA9}.AppStore|ARM.Deploy.0 = Release|Any CPU
		{FC7AD7E1-7ACC-4027-8687-FBDBFD467DA9}.AppStore|iPhone.ActiveCfg = Release|Any CPU
		{FC7AD7E1-7ACC-4027-8687-FBDBFD467DA9}.AppStore|iPhone.Build.0 = Release|Any CPU
		{FC7AD7E1-7ACC-4027-8687-FBDBFD467DA9}.AppStore|iPhone.Deploy.0 = Release|Any CPU
		{FC7AD7E1-7ACC-4027-8687-FBDBFD467DA9}.AppStore|iPhoneSimulator.ActiveCfg = Release|Any CPU
		{FC7AD7E1-7ACC-4027-8687-FBDBFD467DA9}.AppStore|iPhoneSimulator.Build.0 = Release|Any CPU
		{FC7AD7E1-7ACC-4027-8687-FBDBFD467DA9}.AppStore|iPhoneSimulator.Deploy.0 = Release|Any CPU
		{FC7AD7E1-7ACC-4027-8687-FBDBFD467DA9}.AppStore|x64.ActiveCfg = Release|Any CPU
		{FC7AD7E1-7ACC-4027-8687-FBDBFD467DA9}.AppStore|x64.Build.0 = Release|Any CPU
		{FC7AD7E1-7ACC-4027-8687-FBDBFD467DA9}.AppStore|x64.Deploy.0 = Release|Any CPU
		{FC7AD7E1-7ACC-4027-8687-FBDBFD467DA9}.AppStore|x86.ActiveCfg = Release|Any CPU
		{FC7AD7E1-7ACC-4027-8687-FBDBFD467DA9}.AppStore|x86.Build.0 = Release|Any CPU
		{FC7AD7E1-7ACC-4027-8687-FBDBFD467DA9}.AppStore|x86.Deploy.0 = Release|Any CPU
		{FC7AD7E1-7ACC-4027-8687-FBDBFD467DA9}.Debug|Any CPU.ActiveCfg = Debug|Any CPU
		{FC7AD7E1-7ACC-4027-8687-FBDBFD467DA9}.Debug|Any CPU.Build.0 = Debug|Any CPU
		{FC7AD7E1-7ACC-4027-8687-FBDBFD467DA9}.Debug|Any CPU.Deploy.0 = Debug|Any CPU
		{FC7AD7E1-7ACC-4027-8687-FBDBFD467DA9}.Debug|ARM.ActiveCfg = Debug|Any CPU
		{FC7AD7E1-7ACC-4027-8687-FBDBFD467DA9}.Debug|ARM.Build.0 = Debug|Any CPU
		{FC7AD7E1-7ACC-4027-8687-FBDBFD467DA9}.Debug|ARM.Deploy.0 = Debug|Any CPU
		{FC7AD7E1-7ACC-4027-8687-FBDBFD467DA9}.Debug|iPhone.ActiveCfg = Debug|Any CPU
		{FC7AD7E1-7ACC-4027-8687-FBDBFD467DA9}.Debug|iPhone.Build.0 = Debug|Any CPU
		{FC7AD7E1-7ACC-4027-8687-FBDBFD467DA9}.Debug|iPhone.Deploy.0 = Debug|Any CPU
		{FC7AD7E1-7ACC-4027-8687-FBDBFD467DA9}.Debug|iPhoneSimulator.ActiveCfg = Debug|Any CPU
		{FC7AD7E1-7ACC-4027-8687-FBDBFD467DA9}.Debug|iPhoneSimulator.Build.0 = Debug|Any CPU
		{FC7AD7E1-7ACC-4027-8687-FBDBFD467DA9}.Debug|iPhoneSimulator.Deploy.0 = Debug|Any CPU
		{FC7AD7E1-7ACC-4027-8687-FBDBFD467DA9}.Debug|x64.ActiveCfg = Debug|Any CPU
		{FC7AD7E1-7ACC-4027-8687-FBDBFD467DA9}.Debug|x64.Build.0 = Debug|Any CPU
		{FC7AD7E1-7ACC-4027-8687-FBDBFD467DA9}.Debug|x64.Deploy.0 = Debug|Any CPU
		{FC7AD7E1-7ACC-4027-8687-FBDBFD467DA9}.Debug|x86.ActiveCfg = Debug|Any CPU
		{FC7AD7E1-7ACC-4027-8687-FBDBFD467DA9}.Debug|x86.Build.0 = Debug|Any CPU
		{FC7AD7E1-7ACC-4027-8687-FBDBFD467DA9}.Debug|x86.Deploy.0 = Debug|Any CPU
		{FC7AD7E1-7ACC-4027-8687-FBDBFD467DA9}.Release|Any CPU.ActiveCfg = Release|Any CPU
		{FC7AD7E1-7ACC-4027-8687-FBDBFD467DA9}.Release|Any CPU.Build.0 = Release|Any CPU
		{FC7AD7E1-7ACC-4027-8687-FBDBFD467DA9}.Release|Any CPU.Deploy.0 = Release|Any CPU
		{FC7AD7E1-7ACC-4027-8687-FBDBFD467DA9}.Release|ARM.ActiveCfg = Release|Any CPU
		{FC7AD7E1-7ACC-4027-8687-FBDBFD467DA9}.Release|ARM.Build.0 = Release|Any CPU
		{FC7AD7E1-7ACC-4027-8687-FBDBFD467DA9}.Release|ARM.Deploy.0 = Release|Any CPU
		{FC7AD7E1-7ACC-4027-8687-FBDBFD467DA9}.Release|iPhone.ActiveCfg = Release|Any CPU
		{FC7AD7E1-7ACC-4027-8687-FBDBFD467DA9}.Release|iPhone.Build.0 = Release|Any CPU
		{FC7AD7E1-7ACC-4027-8687-FBDBFD467DA9}.Release|iPhone.Deploy.0 = Release|Any CPU
		{FC7AD7E1-7ACC-4027-8687-FBDBFD467DA9}.Release|iPhoneSimulator.ActiveCfg = Release|Any CPU
		{FC7AD7E1-7ACC-4027-8687-FBDBFD467DA9}.Release|iPhoneSimulator.Build.0 = Release|Any CPU
		{FC7AD7E1-7ACC-4027-8687-FBDBFD467DA9}.Release|iPhoneSimulator.Deploy.0 = Release|Any CPU
		{FC7AD7E1-7ACC-4027-8687-FBDBFD467DA9}.Release|x64.ActiveCfg = Release|Any CPU
		{FC7AD7E1-7ACC-4027-8687-FBDBFD467DA9}.Release|x64.Build.0 = Release|Any CPU
		{FC7AD7E1-7ACC-4027-8687-FBDBFD467DA9}.Release|x64.Deploy.0 = Release|Any CPU
		{FC7AD7E1-7ACC-4027-8687-FBDBFD467DA9}.Release|x86.ActiveCfg = Release|Any CPU
		{FC7AD7E1-7ACC-4027-8687-FBDBFD467DA9}.Release|x86.Build.0 = Release|Any CPU
		{FC7AD7E1-7ACC-4027-8687-FBDBFD467DA9}.Release|x86.Deploy.0 = Release|Any CPU
		{9B151F08-C51D-4E26-A6F0-A662AF98FA7D}.Ad-Hoc|Any CPU.ActiveCfg = Ad-Hoc|iPhone
		{9B151F08-C51D-4E26-A6F0-A662AF98FA7D}.Ad-Hoc|Any CPU.Build.0 = Ad-Hoc|iPhone
		{9B151F08-C51D-4E26-A6F0-A662AF98FA7D}.Ad-Hoc|Any CPU.Deploy.0 = Ad-Hoc|iPhone
		{9B151F08-C51D-4E26-A6F0-A662AF98FA7D}.Ad-Hoc|ARM.ActiveCfg = Ad-Hoc|iPhone
		{9B151F08-C51D-4E26-A6F0-A662AF98FA7D}.Ad-Hoc|ARM.Build.0 = Ad-Hoc|iPhone
		{9B151F08-C51D-4E26-A6F0-A662AF98FA7D}.Ad-Hoc|ARM.Deploy.0 = Ad-Hoc|iPhone
		{9B151F08-C51D-4E26-A6F0-A662AF98FA7D}.Ad-Hoc|iPhone.ActiveCfg = Ad-Hoc|iPhone
		{9B151F08-C51D-4E26-A6F0-A662AF98FA7D}.Ad-Hoc|iPhone.Build.0 = Ad-Hoc|iPhone
		{9B151F08-C51D-4E26-A6F0-A662AF98FA7D}.Ad-Hoc|iPhone.Deploy.0 = Ad-Hoc|iPhone
		{9B151F08-C51D-4E26-A6F0-A662AF98FA7D}.Ad-Hoc|iPhoneSimulator.ActiveCfg = Ad-Hoc|iPhoneSimulator
		{9B151F08-C51D-4E26-A6F0-A662AF98FA7D}.Ad-Hoc|iPhoneSimulator.Build.0 = Ad-Hoc|iPhoneSimulator
		{9B151F08-C51D-4E26-A6F0-A662AF98FA7D}.Ad-Hoc|iPhoneSimulator.Deploy.0 = Ad-Hoc|iPhoneSimulator
		{9B151F08-C51D-4E26-A6F0-A662AF98FA7D}.Ad-Hoc|x64.ActiveCfg = Ad-Hoc|iPhone
		{9B151F08-C51D-4E26-A6F0-A662AF98FA7D}.Ad-Hoc|x64.Build.0 = Ad-Hoc|iPhone
		{9B151F08-C51D-4E26-A6F0-A662AF98FA7D}.Ad-Hoc|x64.Deploy.0 = Ad-Hoc|iPhone
		{9B151F08-C51D-4E26-A6F0-A662AF98FA7D}.Ad-Hoc|x86.ActiveCfg = Ad-Hoc|iPhone
		{9B151F08-C51D-4E26-A6F0-A662AF98FA7D}.Ad-Hoc|x86.Build.0 = Ad-Hoc|iPhone
		{9B151F08-C51D-4E26-A6F0-A662AF98FA7D}.Ad-Hoc|x86.Deploy.0 = Ad-Hoc|iPhone
		{9B151F08-C51D-4E26-A6F0-A662AF98FA7D}.AppStore|Any CPU.ActiveCfg = AppStore|iPhone
		{9B151F08-C51D-4E26-A6F0-A662AF98FA7D}.AppStore|Any CPU.Build.0 = AppStore|iPhone
		{9B151F08-C51D-4E26-A6F0-A662AF98FA7D}.AppStore|Any CPU.Deploy.0 = AppStore|iPhone
		{9B151F08-C51D-4E26-A6F0-A662AF98FA7D}.AppStore|ARM.ActiveCfg = AppStore|iPhone
		{9B151F08-C51D-4E26-A6F0-A662AF98FA7D}.AppStore|ARM.Build.0 = AppStore|iPhone
		{9B151F08-C51D-4E26-A6F0-A662AF98FA7D}.AppStore|ARM.Deploy.0 = AppStore|iPhone
		{9B151F08-C51D-4E26-A6F0-A662AF98FA7D}.AppStore|iPhone.ActiveCfg = AppStore|iPhone
		{9B151F08-C51D-4E26-A6F0-A662AF98FA7D}.AppStore|iPhone.Build.0 = AppStore|iPhone
		{9B151F08-C51D-4E26-A6F0-A662AF98FA7D}.AppStore|iPhone.Deploy.0 = AppStore|iPhone
		{9B151F08-C51D-4E26-A6F0-A662AF98FA7D}.AppStore|iPhoneSimulator.ActiveCfg = AppStore|iPhoneSimulator
		{9B151F08-C51D-4E26-A6F0-A662AF98FA7D}.AppStore|iPhoneSimulator.Build.0 = AppStore|iPhoneSimulator
		{9B151F08-C51D-4E26-A6F0-A662AF98FA7D}.AppStore|iPhoneSimulator.Deploy.0 = AppStore|iPhoneSimulator
		{9B151F08-C51D-4E26-A6F0-A662AF98FA7D}.AppStore|x64.ActiveCfg = AppStore|iPhone
		{9B151F08-C51D-4E26-A6F0-A662AF98FA7D}.AppStore|x64.Build.0 = AppStore|iPhone
		{9B151F08-C51D-4E26-A6F0-A662AF98FA7D}.AppStore|x64.Deploy.0 = AppStore|iPhone
		{9B151F08-C51D-4E26-A6F0-A662AF98FA7D}.AppStore|x86.ActiveCfg = AppStore|iPhone
		{9B151F08-C51D-4E26-A6F0-A662AF98FA7D}.AppStore|x86.Build.0 = AppStore|iPhone
		{9B151F08-C51D-4E26-A6F0-A662AF98FA7D}.AppStore|x86.Deploy.0 = AppStore|iPhone
		{9B151F08-C51D-4E26-A6F0-A662AF98FA7D}.Debug|Any CPU.ActiveCfg = Debug|iPhoneSimulator
		{9B151F08-C51D-4E26-A6F0-A662AF98FA7D}.Debug|Any CPU.Build.0 = Debug|iPhoneSimulator
		{9B151F08-C51D-4E26-A6F0-A662AF98FA7D}.Debug|Any CPU.Deploy.0 = Debug|iPhoneSimulator
		{9B151F08-C51D-4E26-A6F0-A662AF98FA7D}.Debug|ARM.ActiveCfg = Debug|iPhone
		{9B151F08-C51D-4E26-A6F0-A662AF98FA7D}.Debug|ARM.Build.0 = Debug|iPhone
		{9B151F08-C51D-4E26-A6F0-A662AF98FA7D}.Debug|ARM.Deploy.0 = Debug|iPhone
		{9B151F08-C51D-4E26-A6F0-A662AF98FA7D}.Debug|iPhone.ActiveCfg = Debug|iPhone
		{9B151F08-C51D-4E26-A6F0-A662AF98FA7D}.Debug|iPhone.Build.0 = Debug|iPhone
		{9B151F08-C51D-4E26-A6F0-A662AF98FA7D}.Debug|iPhone.Deploy.0 = Debug|iPhone
		{9B151F08-C51D-4E26-A6F0-A662AF98FA7D}.Debug|iPhoneSimulator.ActiveCfg = Debug|iPhoneSimulator
		{9B151F08-C51D-4E26-A6F0-A662AF98FA7D}.Debug|iPhoneSimulator.Build.0 = Debug|iPhoneSimulator
		{9B151F08-C51D-4E26-A6F0-A662AF98FA7D}.Debug|iPhoneSimulator.Deploy.0 = Debug|iPhoneSimulator
		{9B151F08-C51D-4E26-A6F0-A662AF98FA7D}.Debug|x64.ActiveCfg = Debug|iPhone
		{9B151F08-C51D-4E26-A6F0-A662AF98FA7D}.Debug|x64.Build.0 = Debug|iPhone
		{9B151F08-C51D-4E26-A6F0-A662AF98FA7D}.Debug|x64.Deploy.0 = Debug|iPhone
		{9B151F08-C51D-4E26-A6F0-A662AF98FA7D}.Debug|x86.ActiveCfg = Debug|iPhone
		{9B151F08-C51D-4E26-A6F0-A662AF98FA7D}.Debug|x86.Build.0 = Debug|iPhone
		{9B151F08-C51D-4E26-A6F0-A662AF98FA7D}.Debug|x86.Deploy.0 = Debug|iPhone
		{9B151F08-C51D-4E26-A6F0-A662AF98FA7D}.Release|Any CPU.ActiveCfg = Release|iPhone
		{9B151F08-C51D-4E26-A6F0-A662AF98FA7D}.Release|Any CPU.Build.0 = Release|iPhone
		{9B151F08-C51D-4E26-A6F0-A662AF98FA7D}.Release|Any CPU.Deploy.0 = Release|iPhone
		{9B151F08-C51D-4E26-A6F0-A662AF98FA7D}.Release|ARM.ActiveCfg = Release|iPhone
		{9B151F08-C51D-4E26-A6F0-A662AF98FA7D}.Release|ARM.Build.0 = Release|iPhone
		{9B151F08-C51D-4E26-A6F0-A662AF98FA7D}.Release|ARM.Deploy.0 = Release|iPhone
		{9B151F08-C51D-4E26-A6F0-A662AF98FA7D}.Release|iPhone.ActiveCfg = Release|iPhone
		{9B151F08-C51D-4E26-A6F0-A662AF98FA7D}.Release|iPhone.Build.0 = Release|iPhone
		{9B151F08-C51D-4E26-A6F0-A662AF98FA7D}.Release|iPhone.Deploy.0 = Release|iPhone
		{9B151F08-C51D-4E26-A6F0-A662AF98FA7D}.Release|iPhoneSimulator.ActiveCfg = Release|iPhoneSimulator
		{9B151F08-C51D-4E26-A6F0-A662AF98FA7D}.Release|iPhoneSimulator.Build.0 = Release|iPhoneSimulator
		{9B151F08-C51D-4E26-A6F0-A662AF98FA7D}.Release|iPhoneSimulator.Deploy.0 = Release|iPhoneSimulator
		{9B151F08-C51D-4E26-A6F0-A662AF98FA7D}.Release|x64.ActiveCfg = Release|iPhone
		{9B151F08-C51D-4E26-A6F0-A662AF98FA7D}.Release|x64.Build.0 = Release|iPhone
		{9B151F08-C51D-4E26-A6F0-A662AF98FA7D}.Release|x64.Deploy.0 = Release|iPhone
		{9B151F08-C51D-4E26-A6F0-A662AF98FA7D}.Release|x86.ActiveCfg = Release|iPhone
		{9B151F08-C51D-4E26-A6F0-A662AF98FA7D}.Release|x86.Build.0 = Release|iPhone
		{9B151F08-C51D-4E26-A6F0-A662AF98FA7D}.Release|x86.Deploy.0 = Release|iPhone
		{DCFB33FB-8FE9-4B81-89A0-33E8801D2726}.Ad-Hoc|Any CPU.ActiveCfg = Release|x86
		{DCFB33FB-8FE9-4B81-89A0-33E8801D2726}.Ad-Hoc|Any CPU.Build.0 = Release|x86
		{DCFB33FB-8FE9-4B81-89A0-33E8801D2726}.Ad-Hoc|Any CPU.Deploy.0 = Release|x86
		{DCFB33FB-8FE9-4B81-89A0-33E8801D2726}.Ad-Hoc|ARM.ActiveCfg = Release|ARM
		{DCFB33FB-8FE9-4B81-89A0-33E8801D2726}.Ad-Hoc|ARM.Build.0 = Release|ARM
		{DCFB33FB-8FE9-4B81-89A0-33E8801D2726}.Ad-Hoc|ARM.Deploy.0 = Release|ARM
		{DCFB33FB-8FE9-4B81-89A0-33E8801D2726}.Ad-Hoc|iPhone.ActiveCfg = Release|x86
		{DCFB33FB-8FE9-4B81-89A0-33E8801D2726}.Ad-Hoc|iPhone.Build.0 = Release|x86
		{DCFB33FB-8FE9-4B81-89A0-33E8801D2726}.Ad-Hoc|iPhone.Deploy.0 = Release|x86
		{DCFB33FB-8FE9-4B81-89A0-33E8801D2726}.Ad-Hoc|iPhoneSimulator.ActiveCfg = Release|x86
		{DCFB33FB-8FE9-4B81-89A0-33E8801D2726}.Ad-Hoc|iPhoneSimulator.Build.0 = Release|x86
		{DCFB33FB-8FE9-4B81-89A0-33E8801D2726}.Ad-Hoc|iPhoneSimulator.Deploy.0 = Release|x86
		{DCFB33FB-8FE9-4B81-89A0-33E8801D2726}.Ad-Hoc|x64.ActiveCfg = Release|x64
		{DCFB33FB-8FE9-4B81-89A0-33E8801D2726}.Ad-Hoc|x64.Build.0 = Release|x64
		{DCFB33FB-8FE9-4B81-89A0-33E8801D2726}.Ad-Hoc|x64.Deploy.0 = Release|x64
		{DCFB33FB-8FE9-4B81-89A0-33E8801D2726}.Ad-Hoc|x86.ActiveCfg = Release|x86
		{DCFB33FB-8FE9-4B81-89A0-33E8801D2726}.Ad-Hoc|x86.Build.0 = Release|x86
		{DCFB33FB-8FE9-4B81-89A0-33E8801D2726}.Ad-Hoc|x86.Deploy.0 = Release|x86
		{DCFB33FB-8FE9-4B81-89A0-33E8801D2726}.AppStore|Any CPU.ActiveCfg = Release|x86
		{DCFB33FB-8FE9-4B81-89A0-33E8801D2726}.AppStore|Any CPU.Build.0 = Release|x86
		{DCFB33FB-8FE9-4B81-89A0-33E8801D2726}.AppStore|Any CPU.Deploy.0 = Release|x86
		{DCFB33FB-8FE9-4B81-89A0-33E8801D2726}.AppStore|ARM.ActiveCfg = Release|ARM
		{DCFB33FB-8FE9-4B81-89A0-33E8801D2726}.AppStore|ARM.Build.0 = Release|ARM
		{DCFB33FB-8FE9-4B81-89A0-33E8801D2726}.AppStore|ARM.Deploy.0 = Release|ARM
		{DCFB33FB-8FE9-4B81-89A0-33E8801D2726}.AppStore|iPhone.ActiveCfg = Release|x86
		{DCFB33FB-8FE9-4B81-89A0-33E8801D2726}.AppStore|iPhone.Build.0 = Release|x86
		{DCFB33FB-8FE9-4B81-89A0-33E8801D2726}.AppStore|iPhone.Deploy.0 = Release|x86
		{DCFB33FB-8FE9-4B81-89A0-33E8801D2726}.AppStore|iPhoneSimulator.ActiveCfg = Release|x86
		{DCFB33FB-8FE9-4B81-89A0-33E8801D2726}.AppStore|iPhoneSimulator.Build.0 = Release|x86
		{DCFB33FB-8FE9-4B81-89A0-33E8801D2726}.AppStore|iPhoneSimulator.Deploy.0 = Release|x86
		{DCFB33FB-8FE9-4B81-89A0-33E8801D2726}.AppStore|x64.ActiveCfg = Release|x64
		{DCFB33FB-8FE9-4B81-89A0-33E8801D2726}.AppStore|x64.Build.0 = Release|x64
		{DCFB33FB-8FE9-4B81-89A0-33E8801D2726}.AppStore|x64.Deploy.0 = Release|x64
		{DCFB33FB-8FE9-4B81-89A0-33E8801D2726}.AppStore|x86.ActiveCfg = Release|x86
		{DCFB33FB-8FE9-4B81-89A0-33E8801D2726}.AppStore|x86.Build.0 = Release|x86
		{DCFB33FB-8FE9-4B81-89A0-33E8801D2726}.AppStore|x86.Deploy.0 = Release|x86
		{DCFB33FB-8FE9-4B81-89A0-33E8801D2726}.Debug|Any CPU.ActiveCfg = Debug|x86
		{DCFB33FB-8FE9-4B81-89A0-33E8801D2726}.Debug|Any CPU.Build.0 = Debug|x86
		{DCFB33FB-8FE9-4B81-89A0-33E8801D2726}.Debug|Any CPU.Deploy.0 = Debug|x86
		{DCFB33FB-8FE9-4B81-89A0-33E8801D2726}.Debug|ARM.ActiveCfg = Debug|ARM
		{DCFB33FB-8FE9-4B81-89A0-33E8801D2726}.Debug|ARM.Build.0 = Debug|ARM
		{DCFB33FB-8FE9-4B81-89A0-33E8801D2726}.Debug|ARM.Deploy.0 = Debug|ARM
		{DCFB33FB-8FE9-4B81-89A0-33E8801D2726}.Debug|iPhone.ActiveCfg = Debug|x86
		{DCFB33FB-8FE9-4B81-89A0-33E8801D2726}.Debug|iPhone.Build.0 = Debug|x86
		{DCFB33FB-8FE9-4B81-89A0-33E8801D2726}.Debug|iPhone.Deploy.0 = Debug|x86
		{DCFB33FB-8FE9-4B81-89A0-33E8801D2726}.Debug|iPhoneSimulator.ActiveCfg = Debug|x86
		{DCFB33FB-8FE9-4B81-89A0-33E8801D2726}.Debug|iPhoneSimulator.Build.0 = Debug|x86
		{DCFB33FB-8FE9-4B81-89A0-33E8801D2726}.Debug|iPhoneSimulator.Deploy.0 = Debug|x86
		{DCFB33FB-8FE9-4B81-89A0-33E8801D2726}.Debug|x64.ActiveCfg = Debug|x64
		{DCFB33FB-8FE9-4B81-89A0-33E8801D2726}.Debug|x64.Build.0 = Debug|x64
		{DCFB33FB-8FE9-4B81-89A0-33E8801D2726}.Debug|x64.Deploy.0 = Debug|x64
		{DCFB33FB-8FE9-4B81-89A0-33E8801D2726}.Debug|x86.ActiveCfg = Debug|x86
		{DCFB33FB-8FE9-4B81-89A0-33E8801D2726}.Debug|x86.Build.0 = Debug|x86
		{DCFB33FB-8FE9-4B81-89A0-33E8801D2726}.Debug|x86.Deploy.0 = Debug|x86
		{DCFB33FB-8FE9-4B81-89A0-33E8801D2726}.Release|Any CPU.ActiveCfg = Release|x86
		{DCFB33FB-8FE9-4B81-89A0-33E8801D2726}.Release|Any CPU.Build.0 = Release|x86
		{DCFB33FB-8FE9-4B81-89A0-33E8801D2726}.Release|Any CPU.Deploy.0 = Release|x86
		{DCFB33FB-8FE9-4B81-89A0-33E8801D2726}.Release|ARM.ActiveCfg = Release|ARM
		{DCFB33FB-8FE9-4B81-89A0-33E8801D2726}.Release|ARM.Build.0 = Release|ARM
		{DCFB33FB-8FE9-4B81-89A0-33E8801D2726}.Release|ARM.Deploy.0 = Release|ARM
		{DCFB33FB-8FE9-4B81-89A0-33E8801D2726}.Release|iPhone.ActiveCfg = Release|x86
		{DCFB33FB-8FE9-4B81-89A0-33E8801D2726}.Release|iPhone.Build.0 = Release|x86
		{DCFB33FB-8FE9-4B81-89A0-33E8801D2726}.Release|iPhone.Deploy.0 = Release|x86
		{DCFB33FB-8FE9-4B81-89A0-33E8801D2726}.Release|iPhoneSimulator.ActiveCfg = Release|x86
		{DCFB33FB-8FE9-4B81-89A0-33E8801D2726}.Release|iPhoneSimulator.Build.0 = Release|x86
		{DCFB33FB-8FE9-4B81-89A0-33E8801D2726}.Release|iPhoneSimulator.Deploy.0 = Release|x86
		{DCFB33FB-8FE9-4B81-89A0-33E8801D2726}.Release|x64.ActiveCfg = Release|x64
		{DCFB33FB-8FE9-4B81-89A0-33E8801D2726}.Release|x64.Build.0 = Release|x64
		{DCFB33FB-8FE9-4B81-89A0-33E8801D2726}.Release|x64.Deploy.0 = Release|x64
		{DCFB33FB-8FE9-4B81-89A0-33E8801D2726}.Release|x86.ActiveCfg = Release|x86
		{DCFB33FB-8FE9-4B81-89A0-33E8801D2726}.Release|x86.Build.0 = Release|x86
		{DCFB33FB-8FE9-4B81-89A0-33E8801D2726}.Release|x86.Deploy.0 = Release|x86
		{C03EC54A-67F1-43C1-A856-B2E3EEC8C471}.Ad-Hoc|Any CPU.ActiveCfg = Debug|Any CPU
		{C03EC54A-67F1-43C1-A856-B2E3EEC8C471}.Ad-Hoc|Any CPU.Build.0 = Debug|Any CPU
		{C03EC54A-67F1-43C1-A856-B2E3EEC8C471}.Ad-Hoc|Any CPU.Deploy.0 = Debug|Any CPU
		{C03EC54A-67F1-43C1-A856-B2E3EEC8C471}.Ad-Hoc|ARM.ActiveCfg = Debug|Any CPU
		{C03EC54A-67F1-43C1-A856-B2E3EEC8C471}.Ad-Hoc|ARM.Build.0 = Debug|Any CPU
		{C03EC54A-67F1-43C1-A856-B2E3EEC8C471}.Ad-Hoc|ARM.Deploy.0 = Debug|Any CPU
		{C03EC54A-67F1-43C1-A856-B2E3EEC8C471}.Ad-Hoc|iPhone.ActiveCfg = Debug|Any CPU
		{C03EC54A-67F1-43C1-A856-B2E3EEC8C471}.Ad-Hoc|iPhone.Build.0 = Debug|Any CPU
		{C03EC54A-67F1-43C1-A856-B2E3EEC8C471}.Ad-Hoc|iPhone.Deploy.0 = Debug|Any CPU
		{C03EC54A-67F1-43C1-A856-B2E3EEC8C471}.Ad-Hoc|iPhoneSimulator.ActiveCfg = Debug|Any CPU
		{C03EC54A-67F1-43C1-A856-B2E3EEC8C471}.Ad-Hoc|iPhoneSimulator.Build.0 = Debug|Any CPU
		{C03EC54A-67F1-43C1-A856-B2E3EEC8C471}.Ad-Hoc|iPhoneSimulator.Deploy.0 = Debug|Any CPU
		{C03EC54A-67F1-43C1-A856-B2E3EEC8C471}.Ad-Hoc|x64.ActiveCfg = Debug|Any CPU
		{C03EC54A-67F1-43C1-A856-B2E3EEC8C471}.Ad-Hoc|x64.Build.0 = Debug|Any CPU
		{C03EC54A-67F1-43C1-A856-B2E3EEC8C471}.Ad-Hoc|x64.Deploy.0 = Debug|Any CPU
		{C03EC54A-67F1-43C1-A856-B2E3EEC8C471}.Ad-Hoc|x86.ActiveCfg = Debug|Any CPU
		{C03EC54A-67F1-43C1-A856-B2E3EEC8C471}.Ad-Hoc|x86.Build.0 = Debug|Any CPU
		{C03EC54A-67F1-43C1-A856-B2E3EEC8C471}.Ad-Hoc|x86.Deploy.0 = Debug|Any CPU
		{C03EC54A-67F1-43C1-A856-B2E3EEC8C471}.AppStore|Any CPU.ActiveCfg = Debug|Any CPU
		{C03EC54A-67F1-43C1-A856-B2E3EEC8C471}.AppStore|Any CPU.Build.0 = Debug|Any CPU
		{C03EC54A-67F1-43C1-A856-B2E3EEC8C471}.AppStore|Any CPU.Deploy.0 = Debug|Any CPU
		{C03EC54A-67F1-43C1-A856-B2E3EEC8C471}.AppStore|ARM.ActiveCfg = Debug|Any CPU
		{C03EC54A-67F1-43C1-A856-B2E3EEC8C471}.AppStore|ARM.Build.0 = Debug|Any CPU
		{C03EC54A-67F1-43C1-A856-B2E3EEC8C471}.AppStore|ARM.Deploy.0 = Debug|Any CPU
		{C03EC54A-67F1-43C1-A856-B2E3EEC8C471}.AppStore|iPhone.ActiveCfg = Debug|Any CPU
		{C03EC54A-67F1-43C1-A856-B2E3EEC8C471}.AppStore|iPhone.Build.0 = Debug|Any CPU
		{C03EC54A-67F1-43C1-A856-B2E3EEC8C471}.AppStore|iPhone.Deploy.0 = Debug|Any CPU
		{C03EC54A-67F1-43C1-A856-B2E3EEC8C471}.AppStore|iPhoneSimulator.ActiveCfg = Debug|Any CPU
		{C03EC54A-67F1-43C1-A856-B2E3EEC8C471}.AppStore|iPhoneSimulator.Build.0 = Debug|Any CPU
		{C03EC54A-67F1-43C1-A856-B2E3EEC8C471}.AppStore|iPhoneSimulator.Deploy.0 = Debug|Any CPU
		{C03EC54A-67F1-43C1-A856-B2E3EEC8C471}.AppStore|x64.ActiveCfg = Debug|Any CPU
		{C03EC54A-67F1-43C1-A856-B2E3EEC8C471}.AppStore|x64.Build.0 = Debug|Any CPU
		{C03EC54A-67F1-43C1-A856-B2E3EEC8C471}.AppStore|x64.Deploy.0 = Debug|Any CPU
		{C03EC54A-67F1-43C1-A856-B2E3EEC8C471}.AppStore|x86.ActiveCfg = Debug|Any CPU
		{C03EC54A-67F1-43C1-A856-B2E3EEC8C471}.AppStore|x86.Build.0 = Debug|Any CPU
		{C03EC54A-67F1-43C1-A856-B2E3EEC8C471}.AppStore|x86.Deploy.0 = Debug|Any CPU
		{C03EC54A-67F1-43C1-A856-B2E3EEC8C471}.Debug|Any CPU.ActiveCfg = Debug|Any CPU
		{C03EC54A-67F1-43C1-A856-B2E3EEC8C471}.Debug|Any CPU.Build.0 = Debug|Any CPU
		{C03EC54A-67F1-43C1-A856-B2E3EEC8C471}.Debug|Any CPU.Deploy.0 = Debug|Any CPU
		{C03EC54A-67F1-43C1-A856-B2E3EEC8C471}.Debug|ARM.ActiveCfg = Debug|Any CPU
		{C03EC54A-67F1-43C1-A856-B2E3EEC8C471}.Debug|ARM.Build.0 = Debug|Any CPU
		{C03EC54A-67F1-43C1-A856-B2E3EEC8C471}.Debug|ARM.Deploy.0 = Debug|Any CPU
		{C03EC54A-67F1-43C1-A856-B2E3EEC8C471}.Debug|iPhone.ActiveCfg = Debug|Any CPU
		{C03EC54A-67F1-43C1-A856-B2E3EEC8C471}.Debug|iPhone.Build.0 = Debug|Any CPU
		{C03EC54A-67F1-43C1-A856-B2E3EEC8C471}.Debug|iPhone.Deploy.0 = Debug|Any CPU
		{C03EC54A-67F1-43C1-A856-B2E3EEC8C471}.Debug|iPhoneSimulator.ActiveCfg = Debug|Any CPU
		{C03EC54A-67F1-43C1-A856-B2E3EEC8C471}.Debug|iPhoneSimulator.Build.0 = Debug|Any CPU
		{C03EC54A-67F1-43C1-A856-B2E3EEC8C471}.Debug|iPhoneSimulator.Deploy.0 = Debug|Any CPU
		{C03EC54A-67F1-43C1-A856-B2E3EEC8C471}.Debug|x64.ActiveCfg = Debug|Any CPU
		{C03EC54A-67F1-43C1-A856-B2E3EEC8C471}.Debug|x64.Build.0 = Debug|Any CPU
		{C03EC54A-67F1-43C1-A856-B2E3EEC8C471}.Debug|x64.Deploy.0 = Debug|Any CPU
		{C03EC54A-67F1-43C1-A856-B2E3EEC8C471}.Debug|x86.ActiveCfg = Debug|Any CPU
		{C03EC54A-67F1-43C1-A856-B2E3EEC8C471}.Debug|x86.Build.0 = Debug|Any CPU
		{C03EC54A-67F1-43C1-A856-B2E3EEC8C471}.Debug|x86.Deploy.0 = Debug|Any CPU
		{C03EC54A-67F1-43C1-A856-B2E3EEC8C471}.Release|Any CPU.ActiveCfg = Release|Any CPU
		{C03EC54A-67F1-43C1-A856-B2E3EEC8C471}.Release|Any CPU.Build.0 = Release|Any CPU
		{C03EC54A-67F1-43C1-A856-B2E3EEC8C471}.Release|Any CPU.Deploy.0 = Release|Any CPU
		{C03EC54A-67F1-43C1-A856-B2E3EEC8C471}.Release|ARM.ActiveCfg = Release|Any CPU
		{C03EC54A-67F1-43C1-A856-B2E3EEC8C471}.Release|ARM.Build.0 = Release|Any CPU
		{C03EC54A-67F1-43C1-A856-B2E3EEC8C471}.Release|ARM.Deploy.0 = Release|Any CPU
		{C03EC54A-67F1-43C1-A856-B2E3EEC8C471}.Release|iPhone.ActiveCfg = Release|Any CPU
		{C03EC54A-67F1-43C1-A856-B2E3EEC8C471}.Release|iPhone.Build.0 = Release|Any CPU
		{C03EC54A-67F1-43C1-A856-B2E3EEC8C471}.Release|iPhone.Deploy.0 = Release|Any CPU
		{C03EC54A-67F1-43C1-A856-B2E3EEC8C471}.Release|iPhoneSimulator.ActiveCfg = Release|Any CPU
		{C03EC54A-67F1-43C1-A856-B2E3EEC8C471}.Release|iPhoneSimulator.Build.0 = Release|Any CPU
		{C03EC54A-67F1-43C1-A856-B2E3EEC8C471}.Release|iPhoneSimulator.Deploy.0 = Release|Any CPU
		{C03EC54A-67F1-43C1-A856-B2E3EEC8C471}.Release|x64.ActiveCfg = Release|Any CPU
		{C03EC54A-67F1-43C1-A856-B2E3EEC8C471}.Release|x64.Build.0 = Release|Any CPU
		{C03EC54A-67F1-43C1-A856-B2E3EEC8C471}.Release|x64.Deploy.0 = Release|Any CPU
		{C03EC54A-67F1-43C1-A856-B2E3EEC8C471}.Release|x86.ActiveCfg = Release|Any CPU
		{C03EC54A-67F1-43C1-A856-B2E3EEC8C471}.Release|x86.Build.0 = Release|Any CPU
		{C03EC54A-67F1-43C1-A856-B2E3EEC8C471}.Release|x86.Deploy.0 = Release|Any CPU
	EndGlobalSection
	GlobalSection(SolutionProperties) = preSolution
		HideSolutionNode = FALSE
	EndGlobalSection
	GlobalSection(ExtensibilityGlobals) = postSolution
		SolutionGuid = {EA0324F8-53EB-45FF-82FC-26302F6AF35B}
	EndGlobalSection
EndGlobal
